
Microsoft Visual Studio Solution File, Format Version 12.00
# Visual Studio Version 17
VisualStudioVersion = 17.8.34330.188
MinimumVisualStudioVersion = 10.0.40219.1
Project("{FAE04EC0-301F-11D3-BF4B-00C04F79EFBC}") = "LeetCodeTasks", "LeetCodeTasks\LeetCodeTasks.csproj", "{16D458DA-2516-4F3A-AA99-E883890E8CC4}"
EndProject
Global
	GlobalSection(SolutionConfigurationPlatforms) = preSolution
		Debug|Any CPU = Debug|Any CPU
		Release|Any CPU = Release|Any CPU
	EndGlobalSection
	GlobalSection(ProjectConfigurationPlatforms) = postSolution
		{16D458DA-2516-4F3A-AA99-E883890E8CC4}.Debug|Any CPU.ActiveCfg = Debug|Any CPU
		{16D458DA-2516-4F3A-AA99-E883890E8CC4}.Debug|Any CPU.Build.0 = Debug|Any CPU
		{16D458DA-2516-4F3A-AA99-E883890E8CC4}.Release|Any CPU.ActiveCfg = Release|Any CPU
		{16D458DA-2516-4F3A-AA99-E883890E8CC4}.Release|Any CPU.Build.0 = Release|Any CPU
	EndGlobalSection
	GlobalSection(SolutionProperties) = preSolution
		HideSolutionNode = FALSE
	EndGlobalSection
	GlobalSection(ExtensibilityGlobals) = postSolution
		SolutionGuid = {3090924E-7CF6-4638-8036-23567561E3E7}
	EndGlobalSection
EndGlobal
